
Microsoft Visual Studio Solution File, Format Version 12.00
# Visual Studio Version 17
VisualStudioVersion = 17.6.33829.357
MinimumVisualStudioVersion = 10.0.40219.1
Project("{FAE04EC0-301F-11D3-BF4B-00C04F79EFBC}") = "01.ClimbThePeaks", "01.ClimbThePeaks\01.ClimbThePeaks.csproj", "{D0BCA6D8-638E-463B-83F9-5516778C03B8}"
EndProject
Project("{FAE04EC0-301F-11D3-BF4B-00C04F79EFBC}") = "02.NavyBattle", "02.NavyBattle\02.NavyBattle.csproj", "{14C851D4-F4B1-4475-9676-C1BA46D7DEE4}"
EndProject
Project("{FAE04EC0-301F-11D3-BF4B-00C04F79EFBC}") = "03.ShoeStore", "03.ShoeStore\03.ShoeStore.csproj", "{C74CE670-9F5D-47AF-B9B1-80ECF8CBA268}"
EndProject
Global
	GlobalSection(SolutionConfigurationPlatforms) = preSolution
		Debug|Any CPU = Debug|Any CPU
		Release|Any CPU = Release|Any CPU
	EndGlobalSection
	GlobalSection(ProjectConfigurationPlatforms) = postSolution
		{D0BCA6D8-638E-463B-83F9-5516778C03B8}.Debug|Any CPU.ActiveCfg = Debug|Any CPU
		{D0BCA6D8-638E-463B-83F9-5516778C03B8}.Debug|Any CPU.Build.0 = Debug|Any CPU
		{D0BCA6D8-638E-463B-83F9-5516778C03B8}.Release|Any CPU.ActiveCfg = Release|Any CPU
		{D0BCA6D8-638E-463B-83F9-5516778C03B8}.Release|Any CPU.Build.0 = Release|Any CPU
		{14C851D4-F4B1-4475-9676-C1BA46D7DEE4}.Debug|Any CPU.ActiveCfg = Debug|Any CPU
		{14C851D4-F4B1-4475-9676-C1BA46D7DEE4}.Debug|Any CPU.Build.0 = Debug|Any CPU
		{14C851D4-F4B1-4475-9676-C1BA46D7DEE4}.Release|Any CPU.ActiveCfg = Release|Any CPU
		{14C851D4-F4B1-4475-9676-C1BA46D7DEE4}.Release|Any CPU.Build.0 = Release|Any CPU
		{C74CE670-9F5D-47AF-B9B1-80ECF8CBA268}.Debug|Any CPU.ActiveCfg = Debug|Any CPU
		{C74CE670-9F5D-47AF-B9B1-80ECF8CBA268}.Debug|Any CPU.Build.0 = Debug|Any CPU
		{C74CE670-9F5D-47AF-B9B1-80ECF8CBA268}.Release|Any CPU.ActiveCfg = Release|Any CPU
		{C74CE670-9F5D-47AF-B9B1-80ECF8CBA268}.Release|Any CPU.Build.0 = Release|Any CPU
	EndGlobalSection
	GlobalSection(SolutionProperties) = preSolution
		HideSolutionNode = FALSE
	EndGlobalSection
	GlobalSection(ExtensibilityGlobals) = postSolution
		SolutionGuid = {C1818BD3-F7EA-4072-85DB-96CFC21E6370}
	EndGlobalSection
EndGlobal
