
Microsoft Visual Studio Solution File, Format Version 12.00
# Visual Studio Version 17
VisualStudioVersion = 17.4.33205.214
MinimumVisualStudioVersion = 10.0.40219.1
Project("{FAE04EC0-301F-11D3-BF4B-00C04F79EFBC}") = "P01.OldBooks", "P01.OldBooks\P01.OldBooks.csproj", "{C335B571-8E63-4E3D-BE44-E954380E9F8C}"
EndProject
Project("{FAE04EC0-301F-11D3-BF4B-00C04F79EFBC}") = "P02.ExamPreparation", "P02.ExamPreparation\P02.ExamPreparation.csproj", "{8C8101B5-88A9-4D19-9011-9F3623075D27}"
EndProject
Project("{FAE04EC0-301F-11D3-BF4B-00C04F79EFBC}") = "P03.Vacation", "P03.Vacation\P03.Vacation.csproj", "{A776D613-3B94-4893-99AE-662046D1253A}"
EndProject
Project("{FAE04EC0-301F-11D3-BF4B-00C04F79EFBC}") = "P04.Walking", "P04.Walking\P04.Walking.csproj", "{A044C085-A2E9-4CA8-B801-EC1F319B6B6C}"
EndProject
Project("{FAE04EC0-301F-11D3-BF4B-00C04F79EFBC}") = "P05.Coins", "P05.Coins\P05.Coins.csproj", "{F1844596-2468-4DC7-BF12-E59B515465D8}"
EndProject
Project("{FAE04EC0-301F-11D3-BF4B-00C04F79EFBC}") = "P06.Cake", "P06.Cake\P06.Cake.csproj", "{F6B63493-C61B-4A05-BEE4-17DC216A991B}"
EndProject
Project("{FAE04EC0-301F-11D3-BF4B-00C04F79EFBC}") = "P07.Moving", "P07.Moving\P07.Moving.csproj", "{D7286CD8-B654-4DC1-A25B-1E78AABB135F}"
EndProject
Global
	GlobalSection(SolutionConfigurationPlatforms) = preSolution
		Debug|Any CPU = Debug|Any CPU
		Release|Any CPU = Release|Any CPU
	EndGlobalSection
	GlobalSection(ProjectConfigurationPlatforms) = postSolution
		{C335B571-8E63-4E3D-BE44-E954380E9F8C}.Debug|Any CPU.ActiveCfg = Debug|Any CPU
		{C335B571-8E63-4E3D-BE44-E954380E9F8C}.Debug|Any CPU.Build.0 = Debug|Any CPU
		{C335B571-8E63-4E3D-BE44-E954380E9F8C}.Release|Any CPU.ActiveCfg = Release|Any CPU
		{C335B571-8E63-4E3D-BE44-E954380E9F8C}.Release|Any CPU.Build.0 = Release|Any CPU
		{8C8101B5-88A9-4D19-9011-9F3623075D27}.Debug|Any CPU.ActiveCfg = Debug|Any CPU
		{8C8101B5-88A9-4D19-9011-9F3623075D27}.Debug|Any CPU.Build.0 = Debug|Any CPU
		{8C8101B5-88A9-4D19-9011-9F3623075D27}.Release|Any CPU.ActiveCfg = Release|Any CPU
		{8C8101B5-88A9-4D19-9011-9F3623075D27}.Release|Any CPU.Build.0 = Release|Any CPU
		{A776D613-3B94-4893-99AE-662046D1253A}.Debug|Any CPU.ActiveCfg = Debug|Any CPU
		{A776D613-3B94-4893-99AE-662046D1253A}.Debug|Any CPU.Build.0 = Debug|Any CPU
		{A776D613-3B94-4893-99AE-662046D1253A}.Release|Any CPU.ActiveCfg = Release|Any CPU
		{A776D613-3B94-4893-99AE-662046D1253A}.Release|Any CPU.Build.0 = Release|Any CPU
		{A044C085-A2E9-4CA8-B801-EC1F319B6B6C}.Debug|Any CPU.ActiveCfg = Debug|Any CPU
		{A044C085-A2E9-4CA8-B801-EC1F319B6B6C}.Debug|Any CPU.Build.0 = Debug|Any CPU
		{A044C085-A2E9-4CA8-B801-EC1F319B6B6C}.Release|Any CPU.ActiveCfg = Release|Any CPU
		{A044C085-A2E9-4CA8-B801-EC1F319B6B6C}.Release|Any CPU.Build.0 = Release|Any CPU
		{F1844596-2468-4DC7-BF12-E59B515465D8}.Debug|Any CPU.ActiveCfg = Debug|Any CPU
		{F1844596-2468-4DC7-BF12-E59B515465D8}.Debug|Any CPU.Build.0 = Debug|Any CPU
		{F1844596-2468-4DC7-BF12-E59B515465D8}.Release|Any CPU.ActiveCfg = Release|Any CPU
		{F1844596-2468-4DC7-BF12-E59B515465D8}.Release|Any CPU.Build.0 = Release|Any CPU
		{F6B63493-C61B-4A05-BEE4-17DC216A991B}.Debug|Any CPU.ActiveCfg = Debug|Any CPU
		{F6B63493-C61B-4A05-BEE4-17DC216A991B}.Debug|Any CPU.Build.0 = Debug|Any CPU
		{F6B63493-C61B-4A05-BEE4-17DC216A991B}.Release|Any CPU.ActiveCfg = Release|Any CPU
		{F6B63493-C61B-4A05-BEE4-17DC216A991B}.Release|Any CPU.Build.0 = Release|Any CPU
		{D7286CD8-B654-4DC1-A25B-1E78AABB135F}.Debug|Any CPU.ActiveCfg = Debug|Any CPU
		{D7286CD8-B654-4DC1-A25B-1E78AABB135F}.Debug|Any CPU.Build.0 = Debug|Any CPU
		{D7286CD8-B654-4DC1-A25B-1E78AABB135F}.Release|Any CPU.ActiveCfg = Release|Any CPU
		{D7286CD8-B654-4DC1-A25B-1E78AABB135F}.Release|Any CPU.Build.0 = Release|Any CPU
	EndGlobalSection
	GlobalSection(SolutionProperties) = preSolution
		HideSolutionNode = FALSE
	EndGlobalSection
	GlobalSection(ExtensibilityGlobals) = postSolution
		SolutionGuid = {7D4A0F56-9930-4008-992B-6FEABABD7DDE}
	EndGlobalSection
EndGlobal
