
Microsoft Visual Studio Solution File, Format Version 12.00
# Visual Studio Version 17
VisualStudioVersion = 17.5.33516.290
MinimumVisualStudioVersion = 10.0.40219.1
Project("{9A19103F-16F7-4668-BE54-9A1E7A4F7556}") = "01.SortNumbers", "01.SortNumbers\01.SortNumbers.csproj", "{D9630287-84CE-48ED-ADA2-0F32E09E1601}"
EndProject
Project("{FAE04EC0-301F-11D3-BF4B-00C04F79EFBC}") = "02.EnglishNameLastDigit", "02.EnglishNameLastDigit\02.EnglishNameLastDigit.csproj", "{4EDC544B-E9AE-4EAC-BDB7-E025657BAA1F}"
EndProject
Project("{FAE04EC0-301F-11D3-BF4B-00C04F79EFBC}") = "03.GamingStore", "03.GamingStore\03.GamingStore.csproj", "{C1C6878B-250D-4FDE-BEFA-685A4259EEA4}"
EndProject
Project("{FAE04EC0-301F-11D3-BF4B-00C04F79EFBC}") = "04.ReverseString", "04.ReverseString\04.ReverseString.csproj", "{06E97044-0A95-494E-BE34-25A55994353C}"
EndProject
Project("{FAE04EC0-301F-11D3-BF4B-00C04F79EFBC}") = "05.Messages", "05.Messages\05.Messages.csproj", "{9DD10AC7-F161-4EC6-96E9-98304ED38DEC}"
EndProject
Global
	GlobalSection(SolutionConfigurationPlatforms) = preSolution
		Debug|Any CPU = Debug|Any CPU
		Release|Any CPU = Release|Any CPU
	EndGlobalSection
	GlobalSection(ProjectConfigurationPlatforms) = postSolution
		{D9630287-84CE-48ED-ADA2-0F32E09E1601}.Debug|Any CPU.ActiveCfg = Debug|Any CPU
		{D9630287-84CE-48ED-ADA2-0F32E09E1601}.Debug|Any CPU.Build.0 = Debug|Any CPU
		{D9630287-84CE-48ED-ADA2-0F32E09E1601}.Release|Any CPU.ActiveCfg = Release|Any CPU
		{D9630287-84CE-48ED-ADA2-0F32E09E1601}.Release|Any CPU.Build.0 = Release|Any CPU
		{4EDC544B-E9AE-4EAC-BDB7-E025657BAA1F}.Debug|Any CPU.ActiveCfg = Debug|Any CPU
		{4EDC544B-E9AE-4EAC-BDB7-E025657BAA1F}.Debug|Any CPU.Build.0 = Debug|Any CPU
		{4EDC544B-E9AE-4EAC-BDB7-E025657BAA1F}.Release|Any CPU.ActiveCfg = Release|Any CPU
		{4EDC544B-E9AE-4EAC-BDB7-E025657BAA1F}.Release|Any CPU.Build.0 = Release|Any CPU
		{C1C6878B-250D-4FDE-BEFA-685A4259EEA4}.Debug|Any CPU.ActiveCfg = Debug|Any CPU
		{C1C6878B-250D-4FDE-BEFA-685A4259EEA4}.Debug|Any CPU.Build.0 = Debug|Any CPU
		{C1C6878B-250D-4FDE-BEFA-685A4259EEA4}.Release|Any CPU.ActiveCfg = Release|Any CPU
		{C1C6878B-250D-4FDE-BEFA-685A4259EEA4}.Release|Any CPU.Build.0 = Release|Any CPU
		{06E97044-0A95-494E-BE34-25A55994353C}.Debug|Any CPU.ActiveCfg = Debug|Any CPU
		{06E97044-0A95-494E-BE34-25A55994353C}.Debug|Any CPU.Build.0 = Debug|Any CPU
		{06E97044-0A95-494E-BE34-25A55994353C}.Release|Any CPU.ActiveCfg = Release|Any CPU
		{06E97044-0A95-494E-BE34-25A55994353C}.Release|Any CPU.Build.0 = Release|Any CPU
		{9DD10AC7-F161-4EC6-96E9-98304ED38DEC}.Debug|Any CPU.ActiveCfg = Debug|Any CPU
		{9DD10AC7-F161-4EC6-96E9-98304ED38DEC}.Debug|Any CPU.Build.0 = Debug|Any CPU
		{9DD10AC7-F161-4EC6-96E9-98304ED38DEC}.Release|Any CPU.ActiveCfg = Release|Any CPU
		{9DD10AC7-F161-4EC6-96E9-98304ED38DEC}.Release|Any CPU.Build.0 = Release|Any CPU
	EndGlobalSection
	GlobalSection(SolutionProperties) = preSolution
		HideSolutionNode = FALSE
	EndGlobalSection
	GlobalSection(ExtensibilityGlobals) = postSolution
		SolutionGuid = {51F7F8C6-29E5-4EEA-978A-63137ACAFFEF}
	EndGlobalSection
EndGlobal
