
Microsoft Visual Studio Solution File, Format Version 12.00
# Visual Studio Version 17
VisualStudioVersion = 17.4.33205.214
MinimumVisualStudioVersion = 10.0.40219.1
Project("{FAE04EC0-301F-11D3-BF4B-00C04F79EFBC}") = "P01.NumbersEndingIn7", "P01.NumbersEndingIn7\P01.NumbersEndingIn7.csproj", "{9C7365DA-471F-4F13-8CCA-6AC22369EBF4}"
EndProject
Project("{FAE04EC0-301F-11D3-BF4B-00C04F79EFBC}") = "P02.HalfSumElement", "P02.HalfSumElement\P02.HalfSumElement.csproj", "{47E1C2AD-67F9-4988-BDBA-192691EB4773}"
EndProject
Project("{FAE04EC0-301F-11D3-BF4B-00C04F79EFBC}") = "P03.Histogram", "P03.Histogram\P03.Histogram.csproj", "{79E0DFAB-9527-456C-AB36-762993EAD470}"
EndProject
Project("{FAE04EC0-301F-11D3-BF4B-00C04F79EFBC}") = "P04.CleverLily", "P04.CleverLily\P04.CleverLily.csproj", "{66B87D3F-0308-4CE0-9A2E-A404422BBBF7}"
EndProject
Project("{FAE04EC0-301F-11D3-BF4B-00C04F79EFBC}") = "P05.Salary", "P05.Salary\P05.Salary.csproj", "{86768CD2-ECB6-4EC1-8C4C-78232F999134}"
EndProject
Project("{FAE04EC0-301F-11D3-BF4B-00C04F79EFBC}") = "P06.Oscars", "P06.Oscars\P06.Oscars.csproj", "{5603B5CD-1FF7-4647-BC07-2F1F095D48C0}"
EndProject
Project("{FAE04EC0-301F-11D3-BF4B-00C04F79EFBC}") = "P07.TrekkingMania", "P07.TrekkingMania\P07.TrekkingMania.csproj", "{AB2F5343-82BF-4F95-AD7C-7DA035D4B92C}"
EndProject
Project("{FAE04EC0-301F-11D3-BF4B-00C04F79EFBC}") = "P08.TennisRanklist", "P08.TennisRanklist\P08.TennisRanklist.csproj", "{09C09DFA-3B1E-4B77-8053-C759FE9C4C8D}"
EndProject
Global
	GlobalSection(SolutionConfigurationPlatforms) = preSolution
		Debug|Any CPU = Debug|Any CPU
		Release|Any CPU = Release|Any CPU
	EndGlobalSection
	GlobalSection(ProjectConfigurationPlatforms) = postSolution
		{9C7365DA-471F-4F13-8CCA-6AC22369EBF4}.Debug|Any CPU.ActiveCfg = Debug|Any CPU
		{9C7365DA-471F-4F13-8CCA-6AC22369EBF4}.Debug|Any CPU.Build.0 = Debug|Any CPU
		{9C7365DA-471F-4F13-8CCA-6AC22369EBF4}.Release|Any CPU.ActiveCfg = Release|Any CPU
		{9C7365DA-471F-4F13-8CCA-6AC22369EBF4}.Release|Any CPU.Build.0 = Release|Any CPU
		{47E1C2AD-67F9-4988-BDBA-192691EB4773}.Debug|Any CPU.ActiveCfg = Debug|Any CPU
		{47E1C2AD-67F9-4988-BDBA-192691EB4773}.Debug|Any CPU.Build.0 = Debug|Any CPU
		{47E1C2AD-67F9-4988-BDBA-192691EB4773}.Release|Any CPU.ActiveCfg = Release|Any CPU
		{47E1C2AD-67F9-4988-BDBA-192691EB4773}.Release|Any CPU.Build.0 = Release|Any CPU
		{79E0DFAB-9527-456C-AB36-762993EAD470}.Debug|Any CPU.ActiveCfg = Debug|Any CPU
		{79E0DFAB-9527-456C-AB36-762993EAD470}.Debug|Any CPU.Build.0 = Debug|Any CPU
		{79E0DFAB-9527-456C-AB36-762993EAD470}.Release|Any CPU.ActiveCfg = Release|Any CPU
		{79E0DFAB-9527-456C-AB36-762993EAD470}.Release|Any CPU.Build.0 = Release|Any CPU
		{66B87D3F-0308-4CE0-9A2E-A404422BBBF7}.Debug|Any CPU.ActiveCfg = Debug|Any CPU
		{66B87D3F-0308-4CE0-9A2E-A404422BBBF7}.Debug|Any CPU.Build.0 = Debug|Any CPU
		{66B87D3F-0308-4CE0-9A2E-A404422BBBF7}.Release|Any CPU.ActiveCfg = Release|Any CPU
		{66B87D3F-0308-4CE0-9A2E-A404422BBBF7}.Release|Any CPU.Build.0 = Release|Any CPU
		{86768CD2-ECB6-4EC1-8C4C-78232F999134}.Debug|Any CPU.ActiveCfg = Debug|Any CPU
		{86768CD2-ECB6-4EC1-8C4C-78232F999134}.Debug|Any CPU.Build.0 = Debug|Any CPU
		{86768CD2-ECB6-4EC1-8C4C-78232F999134}.Release|Any CPU.ActiveCfg = Release|Any CPU
		{86768CD2-ECB6-4EC1-8C4C-78232F999134}.Release|Any CPU.Build.0 = Release|Any CPU
		{5603B5CD-1FF7-4647-BC07-2F1F095D48C0}.Debug|Any CPU.ActiveCfg = Debug|Any CPU
		{5603B5CD-1FF7-4647-BC07-2F1F095D48C0}.Debug|Any CPU.Build.0 = Debug|Any CPU
		{5603B5CD-1FF7-4647-BC07-2F1F095D48C0}.Release|Any CPU.ActiveCfg = Release|Any CPU
		{5603B5CD-1FF7-4647-BC07-2F1F095D48C0}.Release|Any CPU.Build.0 = Release|Any CPU
		{AB2F5343-82BF-4F95-AD7C-7DA035D4B92C}.Debug|Any CPU.ActiveCfg = Debug|Any CPU
		{AB2F5343-82BF-4F95-AD7C-7DA035D4B92C}.Debug|Any CPU.Build.0 = Debug|Any CPU
		{AB2F5343-82BF-4F95-AD7C-7DA035D4B92C}.Release|Any CPU.ActiveCfg = Release|Any CPU
		{AB2F5343-82BF-4F95-AD7C-7DA035D4B92C}.Release|Any CPU.Build.0 = Release|Any CPU
		{09C09DFA-3B1E-4B77-8053-C759FE9C4C8D}.Debug|Any CPU.ActiveCfg = Debug|Any CPU
		{09C09DFA-3B1E-4B77-8053-C759FE9C4C8D}.Debug|Any CPU.Build.0 = Debug|Any CPU
		{09C09DFA-3B1E-4B77-8053-C759FE9C4C8D}.Release|Any CPU.ActiveCfg = Release|Any CPU
		{09C09DFA-3B1E-4B77-8053-C759FE9C4C8D}.Release|Any CPU.Build.0 = Release|Any CPU
	EndGlobalSection
	GlobalSection(SolutionProperties) = preSolution
		HideSolutionNode = FALSE
	EndGlobalSection
	GlobalSection(ExtensibilityGlobals) = postSolution
		SolutionGuid = {DC5427D9-FC9C-4942-96D7-564F60745776}
	EndGlobalSection
EndGlobal
