
Microsoft Visual Studio Solution File, Format Version 12.00
# Visual Studio Version 17
VisualStudioVersion = 17.7.34302.85
MinimumVisualStudioVersion = 10.0.40219.1
Project("{9A19103F-16F7-4668-BE54-9A1E7A4F7556}") = "MoqFunctionalities", "MoqFunctionalities\MoqFunctionalities.csproj", "{C97673C0-BC14-4164-BCB5-66E4123245AE}"
EndProject
Project("{9A19103F-16F7-4668-BE54-9A1E7A4F7556}") = "Promotions", "Promotions\Promotions.csproj", "{FAD95AC4-595E-40DA-BF6A-40F46B7A62DB}"
EndProject
Project("{9A19103F-16F7-4668-BE54-9A1E7A4F7556}") = "Promotions.Test", "Promotions.Test\Promotions.Test.csproj", "{DEECF24C-4ADC-4FD6-9898-DF596E1BF195}"
EndProject
Project("{9A19103F-16F7-4668-BE54-9A1E7A4F7556}") = "SoftUniReader", "SoftUniReader\SoftUniReader.csproj", "{B506E7A3-BD72-4015-9FE5-D5D7BCB1858B}"
EndProject
Project("{9A19103F-16F7-4668-BE54-9A1E7A4F7556}") = "SoftUniReader.Tests", "SoftUniReader.Tests\SoftUniReader.Tests.csproj", "{5BA1E23B-A715-4203-AFD6-17651E0826E7}"
EndProject
Global
	GlobalSection(SolutionConfigurationPlatforms) = preSolution
		Debug|Any CPU = Debug|Any CPU
		Release|Any CPU = Release|Any CPU
	EndGlobalSection
	GlobalSection(ProjectConfigurationPlatforms) = postSolution
		{C97673C0-BC14-4164-BCB5-66E4123245AE}.Debug|Any CPU.ActiveCfg = Debug|Any CPU
		{C97673C0-BC14-4164-BCB5-66E4123245AE}.Debug|Any CPU.Build.0 = Debug|Any CPU
		{C97673C0-BC14-4164-BCB5-66E4123245AE}.Release|Any CPU.ActiveCfg = Release|Any CPU
		{C97673C0-BC14-4164-BCB5-66E4123245AE}.Release|Any CPU.Build.0 = Release|Any CPU
		{FAD95AC4-595E-40DA-BF6A-40F46B7A62DB}.Debug|Any CPU.ActiveCfg = Debug|Any CPU
		{FAD95AC4-595E-40DA-BF6A-40F46B7A62DB}.Debug|Any CPU.Build.0 = Debug|Any CPU
		{FAD95AC4-595E-40DA-BF6A-40F46B7A62DB}.Release|Any CPU.ActiveCfg = Release|Any CPU
		{FAD95AC4-595E-40DA-BF6A-40F46B7A62DB}.Release|Any CPU.Build.0 = Release|Any CPU
		{DEECF24C-4ADC-4FD6-9898-DF596E1BF195}.Debug|Any CPU.ActiveCfg = Debug|Any CPU
		{DEECF24C-4ADC-4FD6-9898-DF596E1BF195}.Debug|Any CPU.Build.0 = Debug|Any CPU
		{DEECF24C-4ADC-4FD6-9898-DF596E1BF195}.Release|Any CPU.ActiveCfg = Release|Any CPU
		{DEECF24C-4ADC-4FD6-9898-DF596E1BF195}.Release|Any CPU.Build.0 = Release|Any CPU
		{B506E7A3-BD72-4015-9FE5-D5D7BCB1858B}.Debug|Any CPU.ActiveCfg = Debug|Any CPU
		{B506E7A3-BD72-4015-9FE5-D5D7BCB1858B}.Debug|Any CPU.Build.0 = Debug|Any CPU
		{B506E7A3-BD72-4015-9FE5-D5D7BCB1858B}.Release|Any CPU.ActiveCfg = Release|Any CPU
		{B506E7A3-BD72-4015-9FE5-D5D7BCB1858B}.Release|Any CPU.Build.0 = Release|Any CPU
		{5BA1E23B-A715-4203-AFD6-17651E0826E7}.Debug|Any CPU.ActiveCfg = Debug|Any CPU
		{5BA1E23B-A715-4203-AFD6-17651E0826E7}.Debug|Any CPU.Build.0 = Debug|Any CPU
		{5BA1E23B-A715-4203-AFD6-17651E0826E7}.Release|Any CPU.ActiveCfg = Release|Any CPU
		{5BA1E23B-A715-4203-AFD6-17651E0826E7}.Release|Any CPU.Build.0 = Release|Any CPU
	EndGlobalSection
	GlobalSection(SolutionProperties) = preSolution
		HideSolutionNode = FALSE
	EndGlobalSection
	GlobalSection(ExtensibilityGlobals) = postSolution
		SolutionGuid = {056CE0E7-1CFD-4D4E-AD3B-7777ED1C47AB}
	EndGlobalSection
EndGlobal
