
Microsoft Visual Studio Solution File, Format Version 12.00
# Visual Studio Version 17
VisualStudioVersion = 17.6.33723.286
MinimumVisualStudioVersion = 10.0.40219.1
Project("{FAE04EC0-301F-11D3-BF4B-00C04F79EFBC}") = "01. Messaging", "01. Messaging\01. Messaging.csproj", "{8FCF6E3D-8578-42A5-AC26-D474224E7C45}"
EndProject
Project("{FAE04EC0-301F-11D3-BF4B-00C04F79EFBC}") = "02. Car Race", "02. Car Race\02. Car Race.csproj", "{C63FDB53-1241-4BAC-88D4-BB90B660C16F}"
EndProject
Project("{FAE04EC0-301F-11D3-BF4B-00C04F79EFBC}") = "03. Take Skip Rope", "03. Take Skip Rope\03. Take Skip Rope.csproj", "{A61403B3-C899-47AA-B7B9-12BF476ACF03}"
EndProject
Project("{FAE04EC0-301F-11D3-BF4B-00C04F79EFBC}") = "05. Drum Set", "05. Drum Set\05. Drum Set.csproj", "{3DC0423B-FAEA-4D99-B0F4-589846BF48B2}"
EndProject
Project("{FAE04EC0-301F-11D3-BF4B-00C04F79EFBC}") = "04. Mixed up Lists", "04. Mixed up Lists\04. Mixed up Lists.csproj", "{2E750DF3-C18A-4D07-AA57-3B958819BDAF}"
EndProject
Global
	GlobalSection(SolutionConfigurationPlatforms) = preSolution
		Debug|Any CPU = Debug|Any CPU
		Release|Any CPU = Release|Any CPU
	EndGlobalSection
	GlobalSection(ProjectConfigurationPlatforms) = postSolution
		{8FCF6E3D-8578-42A5-AC26-D474224E7C45}.Debug|Any CPU.ActiveCfg = Debug|Any CPU
		{8FCF6E3D-8578-42A5-AC26-D474224E7C45}.Debug|Any CPU.Build.0 = Debug|Any CPU
		{8FCF6E3D-8578-42A5-AC26-D474224E7C45}.Release|Any CPU.ActiveCfg = Release|Any CPU
		{8FCF6E3D-8578-42A5-AC26-D474224E7C45}.Release|Any CPU.Build.0 = Release|Any CPU
		{C63FDB53-1241-4BAC-88D4-BB90B660C16F}.Debug|Any CPU.ActiveCfg = Debug|Any CPU
		{C63FDB53-1241-4BAC-88D4-BB90B660C16F}.Debug|Any CPU.Build.0 = Debug|Any CPU
		{C63FDB53-1241-4BAC-88D4-BB90B660C16F}.Release|Any CPU.ActiveCfg = Release|Any CPU
		{C63FDB53-1241-4BAC-88D4-BB90B660C16F}.Release|Any CPU.Build.0 = Release|Any CPU
		{A61403B3-C899-47AA-B7B9-12BF476ACF03}.Debug|Any CPU.ActiveCfg = Debug|Any CPU
		{A61403B3-C899-47AA-B7B9-12BF476ACF03}.Debug|Any CPU.Build.0 = Debug|Any CPU
		{A61403B3-C899-47AA-B7B9-12BF476ACF03}.Release|Any CPU.ActiveCfg = Release|Any CPU
		{A61403B3-C899-47AA-B7B9-12BF476ACF03}.Release|Any CPU.Build.0 = Release|Any CPU
		{3DC0423B-FAEA-4D99-B0F4-589846BF48B2}.Debug|Any CPU.ActiveCfg = Debug|Any CPU
		{3DC0423B-FAEA-4D99-B0F4-589846BF48B2}.Debug|Any CPU.Build.0 = Debug|Any CPU
		{3DC0423B-FAEA-4D99-B0F4-589846BF48B2}.Release|Any CPU.ActiveCfg = Release|Any CPU
		{3DC0423B-FAEA-4D99-B0F4-589846BF48B2}.Release|Any CPU.Build.0 = Release|Any CPU
		{2E750DF3-C18A-4D07-AA57-3B958819BDAF}.Debug|Any CPU.ActiveCfg = Debug|Any CPU
		{2E750DF3-C18A-4D07-AA57-3B958819BDAF}.Debug|Any CPU.Build.0 = Debug|Any CPU
		{2E750DF3-C18A-4D07-AA57-3B958819BDAF}.Release|Any CPU.ActiveCfg = Release|Any CPU
		{2E750DF3-C18A-4D07-AA57-3B958819BDAF}.Release|Any CPU.Build.0 = Release|Any CPU
	EndGlobalSection
	GlobalSection(SolutionProperties) = preSolution
		HideSolutionNode = FALSE
	EndGlobalSection
	GlobalSection(ExtensibilityGlobals) = postSolution
		SolutionGuid = {2030D71C-BBE0-446B-9A58-83CEEC8B86DB}
	EndGlobalSection
EndGlobal
