
Microsoft Visual Studio Solution File, Format Version 12.00
# Visual Studio Version 17
VisualStudioVersion = 17.4.33205.214
MinimumVisualStudioVersion = 10.0.40219.1
Project("{9A19103F-16F7-4668-BE54-9A1E7A4F7556}") = "P01.NumberPyramid", "P01.NumberPyramid\P01.NumberPyramid.csproj", "{1B3DD2FD-208B-4FAF-9564-1278CD01174D}"
EndProject
Project("{9A19103F-16F7-4668-BE54-9A1E7A4F7556}") = "P02.EqualSumsEvenOddPosition", "P02.EqualSumsEvenOddPosition\P02.EqualSumsEvenOddPosition.csproj", "{63215556-EA02-440A-9732-19E4A087E395}"
EndProject
Project("{9A19103F-16F7-4668-BE54-9A1E7A4F7556}") = "P03.SumPrimeNonPrime", "P03.SumPrimeNonPrime\P03.SumPrimeNonPrime.csproj", "{F3E7A6C2-51A8-40EB-A6F2-8EB142A9E2B8}"
EndProject
Project("{9A19103F-16F7-4668-BE54-9A1E7A4F7556}") = "P04.TrainTheTrainers", "P04.TrainTheTrainers\P04.TrainTheTrainers.csproj", "{A6F8B236-202F-404C-950A-54A067AF33AA}"
EndProject
Project("{9A19103F-16F7-4668-BE54-9A1E7A4F7556}") = "P05.SpecialNumbers", "P05.SpecialNumbers\P05.SpecialNumbers.csproj", "{BF7221F8-2283-420B-8C4B-093147098569}"
EndProject
Project("{9A19103F-16F7-4668-BE54-9A1E7A4F7556}") = "P06.CinemaTickets", "P06.CinemaTickets\P06.CinemaTickets.csproj", "{46DE132F-F069-45EB-95B0-1409DBB4D5EF}"
EndProject
Global
	GlobalSection(SolutionConfigurationPlatforms) = preSolution
		Debug|Any CPU = Debug|Any CPU
		Release|Any CPU = Release|Any CPU
	EndGlobalSection
	GlobalSection(ProjectConfigurationPlatforms) = postSolution
		{1B3DD2FD-208B-4FAF-9564-1278CD01174D}.Debug|Any CPU.ActiveCfg = Debug|Any CPU
		{1B3DD2FD-208B-4FAF-9564-1278CD01174D}.Debug|Any CPU.Build.0 = Debug|Any CPU
		{1B3DD2FD-208B-4FAF-9564-1278CD01174D}.Release|Any CPU.ActiveCfg = Release|Any CPU
		{1B3DD2FD-208B-4FAF-9564-1278CD01174D}.Release|Any CPU.Build.0 = Release|Any CPU
		{63215556-EA02-440A-9732-19E4A087E395}.Debug|Any CPU.ActiveCfg = Debug|Any CPU
		{63215556-EA02-440A-9732-19E4A087E395}.Debug|Any CPU.Build.0 = Debug|Any CPU
		{63215556-EA02-440A-9732-19E4A087E395}.Release|Any CPU.ActiveCfg = Release|Any CPU
		{63215556-EA02-440A-9732-19E4A087E395}.Release|Any CPU.Build.0 = Release|Any CPU
		{F3E7A6C2-51A8-40EB-A6F2-8EB142A9E2B8}.Debug|Any CPU.ActiveCfg = Debug|Any CPU
		{F3E7A6C2-51A8-40EB-A6F2-8EB142A9E2B8}.Debug|Any CPU.Build.0 = Debug|Any CPU
		{F3E7A6C2-51A8-40EB-A6F2-8EB142A9E2B8}.Release|Any CPU.ActiveCfg = Release|Any CPU
		{F3E7A6C2-51A8-40EB-A6F2-8EB142A9E2B8}.Release|Any CPU.Build.0 = Release|Any CPU
		{A6F8B236-202F-404C-950A-54A067AF33AA}.Debug|Any CPU.ActiveCfg = Debug|Any CPU
		{A6F8B236-202F-404C-950A-54A067AF33AA}.Debug|Any CPU.Build.0 = Debug|Any CPU
		{A6F8B236-202F-404C-950A-54A067AF33AA}.Release|Any CPU.ActiveCfg = Release|Any CPU
		{A6F8B236-202F-404C-950A-54A067AF33AA}.Release|Any CPU.Build.0 = Release|Any CPU
		{BF7221F8-2283-420B-8C4B-093147098569}.Debug|Any CPU.ActiveCfg = Debug|Any CPU
		{BF7221F8-2283-420B-8C4B-093147098569}.Debug|Any CPU.Build.0 = Debug|Any CPU
		{BF7221F8-2283-420B-8C4B-093147098569}.Release|Any CPU.ActiveCfg = Release|Any CPU
		{BF7221F8-2283-420B-8C4B-093147098569}.Release|Any CPU.Build.0 = Release|Any CPU
		{46DE132F-F069-45EB-95B0-1409DBB4D5EF}.Debug|Any CPU.ActiveCfg = Debug|Any CPU
		{46DE132F-F069-45EB-95B0-1409DBB4D5EF}.Debug|Any CPU.Build.0 = Debug|Any CPU
		{46DE132F-F069-45EB-95B0-1409DBB4D5EF}.Release|Any CPU.ActiveCfg = Release|Any CPU
		{46DE132F-F069-45EB-95B0-1409DBB4D5EF}.Release|Any CPU.Build.0 = Release|Any CPU
	EndGlobalSection
	GlobalSection(SolutionProperties) = preSolution
		HideSolutionNode = FALSE
	EndGlobalSection
	GlobalSection(ExtensibilityGlobals) = postSolution
		SolutionGuid = {3B36C855-CD0B-4F1E-8637-879EFCD054BA}
	EndGlobalSection
EndGlobal
