
Microsoft Visual Studio Solution File, Format Version 12.00
# Visual Studio Version 17
VisualStudioVersion = 17.7.34302.85
MinimumVisualStudioVersion = 10.0.40219.1
Project("{9A19103F-16F7-4668-BE54-9A1E7A4F7556}") = "01.CommandPattern", "CommandPattern\01.CommandPattern.csproj", "{43FE8737-5148-489E-84F3-F9B5C06915CB}"
EndProject
Project("{9A19103F-16F7-4668-BE54-9A1E7A4F7556}") = "02.ValidationAttributes", "ValidationAttributes\02.ValidationAttributes.csproj", "{FC2408D4-FDC7-4061-9C65-C2AD70E49A04}"
EndProject
Global
	GlobalSection(SolutionConfigurationPlatforms) = preSolution
		Debug|Any CPU = Debug|Any CPU
		Release|Any CPU = Release|Any CPU
	EndGlobalSection
	GlobalSection(ProjectConfigurationPlatforms) = postSolution
		{43FE8737-5148-489E-84F3-F9B5C06915CB}.Debug|Any CPU.ActiveCfg = Debug|Any CPU
		{43FE8737-5148-489E-84F3-F9B5C06915CB}.Debug|Any CPU.Build.0 = Debug|Any CPU
		{43FE8737-5148-489E-84F3-F9B5C06915CB}.Release|Any CPU.ActiveCfg = Release|Any CPU
		{43FE8737-5148-489E-84F3-F9B5C06915CB}.Release|Any CPU.Build.0 = Release|Any CPU
		{FC2408D4-FDC7-4061-9C65-C2AD70E49A04}.Debug|Any CPU.ActiveCfg = Debug|Any CPU
		{FC2408D4-FDC7-4061-9C65-C2AD70E49A04}.Debug|Any CPU.Build.0 = Debug|Any CPU
		{FC2408D4-FDC7-4061-9C65-C2AD70E49A04}.Release|Any CPU.ActiveCfg = Release|Any CPU
		{FC2408D4-FDC7-4061-9C65-C2AD70E49A04}.Release|Any CPU.Build.0 = Release|Any CPU
	EndGlobalSection
	GlobalSection(SolutionProperties) = preSolution
		HideSolutionNode = FALSE
	EndGlobalSection
	GlobalSection(ExtensibilityGlobals) = postSolution
		SolutionGuid = {F3B01BAD-D4D8-4D45-A43E-7186D149D5CF}
	EndGlobalSection
EndGlobal
