
Microsoft Visual Studio Solution File, Format Version 12.00
# Visual Studio Version 17
VisualStudioVersion = 17.6.33723.286
MinimumVisualStudioVersion = 10.0.40219.1
Project("{FAE04EC0-301F-11D3-BF4B-00C04F79EFBC}") = "01. Reverse Strings", "01. Reverse Strings\01. Reverse Strings.csproj", "{FA958B43-1830-492F-81B2-3B6C6188B705}"
EndProject
Project("{FAE04EC0-301F-11D3-BF4B-00C04F79EFBC}") = "02. Repeat Strings", "02. Repeat Strings\02. Repeat Strings.csproj", "{AF636727-76E0-40E1-81DE-2B5B466A6444}"
EndProject
Project("{FAE04EC0-301F-11D3-BF4B-00C04F79EFBC}") = "03. Substring", "03. Substring\03. Substring.csproj", "{5909312C-5359-4272-B499-DECEAF5FCE70}"
EndProject
Project("{FAE04EC0-301F-11D3-BF4B-00C04F79EFBC}") = "04. Text Filter", "04. Text Filter\04. Text Filter.csproj", "{CFBD3E02-6F5B-4A9C-BF6A-1D273E4083A2}"
EndProject
Project("{FAE04EC0-301F-11D3-BF4B-00C04F79EFBC}") = "05. Digits, Letters and Other", "05. Digits, Letters and Other\05. Digits, Letters and Other.csproj", "{8CC400C7-B7FB-49E5-9EB8-010CD7E5BAB1}"
EndProject
Global
	GlobalSection(SolutionConfigurationPlatforms) = preSolution
		Debug|Any CPU = Debug|Any CPU
		Release|Any CPU = Release|Any CPU
	EndGlobalSection
	GlobalSection(ProjectConfigurationPlatforms) = postSolution
		{FA958B43-1830-492F-81B2-3B6C6188B705}.Debug|Any CPU.ActiveCfg = Debug|Any CPU
		{FA958B43-1830-492F-81B2-3B6C6188B705}.Debug|Any CPU.Build.0 = Debug|Any CPU
		{FA958B43-1830-492F-81B2-3B6C6188B705}.Release|Any CPU.ActiveCfg = Release|Any CPU
		{FA958B43-1830-492F-81B2-3B6C6188B705}.Release|Any CPU.Build.0 = Release|Any CPU
		{AF636727-76E0-40E1-81DE-2B5B466A6444}.Debug|Any CPU.ActiveCfg = Debug|Any CPU
		{AF636727-76E0-40E1-81DE-2B5B466A6444}.Debug|Any CPU.Build.0 = Debug|Any CPU
		{AF636727-76E0-40E1-81DE-2B5B466A6444}.Release|Any CPU.ActiveCfg = Release|Any CPU
		{AF636727-76E0-40E1-81DE-2B5B466A6444}.Release|Any CPU.Build.0 = Release|Any CPU
		{5909312C-5359-4272-B499-DECEAF5FCE70}.Debug|Any CPU.ActiveCfg = Debug|Any CPU
		{5909312C-5359-4272-B499-DECEAF5FCE70}.Debug|Any CPU.Build.0 = Debug|Any CPU
		{5909312C-5359-4272-B499-DECEAF5FCE70}.Release|Any CPU.ActiveCfg = Release|Any CPU
		{5909312C-5359-4272-B499-DECEAF5FCE70}.Release|Any CPU.Build.0 = Release|Any CPU
		{CFBD3E02-6F5B-4A9C-BF6A-1D273E4083A2}.Debug|Any CPU.ActiveCfg = Debug|Any CPU
		{CFBD3E02-6F5B-4A9C-BF6A-1D273E4083A2}.Debug|Any CPU.Build.0 = Debug|Any CPU
		{CFBD3E02-6F5B-4A9C-BF6A-1D273E4083A2}.Release|Any CPU.ActiveCfg = Release|Any CPU
		{CFBD3E02-6F5B-4A9C-BF6A-1D273E4083A2}.Release|Any CPU.Build.0 = Release|Any CPU
		{8CC400C7-B7FB-49E5-9EB8-010CD7E5BAB1}.Debug|Any CPU.ActiveCfg = Debug|Any CPU
		{8CC400C7-B7FB-49E5-9EB8-010CD7E5BAB1}.Debug|Any CPU.Build.0 = Debug|Any CPU
		{8CC400C7-B7FB-49E5-9EB8-010CD7E5BAB1}.Release|Any CPU.ActiveCfg = Release|Any CPU
		{8CC400C7-B7FB-49E5-9EB8-010CD7E5BAB1}.Release|Any CPU.Build.0 = Release|Any CPU
	EndGlobalSection
	GlobalSection(SolutionProperties) = preSolution
		HideSolutionNode = FALSE
	EndGlobalSection
	GlobalSection(ExtensibilityGlobals) = postSolution
		SolutionGuid = {00F9599A-844C-418B-B915-476304F167F0}
	EndGlobalSection
EndGlobal
