
Microsoft Visual Studio Solution File, Format Version 12.00
# Visual Studio Version 17
VisualStudioVersion = 17.4.33205.214
MinimumVisualStudioVersion = 10.0.40219.1
Project("{FAE04EC0-301F-11D3-BF4B-00C04F79EFBC}") = "P01.Clock", "P01.Clock\P01.Clock.csproj", "{9B911184-6AAF-461B-BDA0-A1183DC67EE2}"
EndProject
Project("{FAE04EC0-301F-11D3-BF4B-00C04F79EFBC}") = "P02.MultiplicationTable", "P02.MultiplicationTable\P02.MultiplicationTable.csproj", "{4F037D1D-482B-4728-9F20-E584B3A51107}"
EndProject
Project("{FAE04EC0-301F-11D3-BF4B-00C04F79EFBC}") = "P03.Combinations", "P03.Combinations\P03.Combinations.csproj", "{2734D8ED-2ED3-436B-B591-AE5496AC3366}"
EndProject
Project("{FAE04EC0-301F-11D3-BF4B-00C04F79EFBC}") = "P04.SumOfTwoNumbers", "P04.SumOfTwoNumbers\P04.SumOfTwoNumbers.csproj", "{FAA7C47D-7CFE-400C-9F8F-7A80947D69CA}"
EndProject
Project("{FAE04EC0-301F-11D3-BF4B-00C04F79EFBC}") = "P05.Travelling", "P05.Travelling\P05.Travelling.csproj", "{87C63657-8650-4CF1-9AFC-9167A5FDF2A5}"
EndProject
Project("{FAE04EC0-301F-11D3-BF4B-00C04F79EFBC}") = "P06.Building", "P06.Building\P06.Building.csproj", "{2C856C6C-463D-4962-840E-9CA69ED669DA}"
EndProject
Global
	GlobalSection(SolutionConfigurationPlatforms) = preSolution
		Debug|Any CPU = Debug|Any CPU
		Release|Any CPU = Release|Any CPU
	EndGlobalSection
	GlobalSection(ProjectConfigurationPlatforms) = postSolution
		{9B911184-6AAF-461B-BDA0-A1183DC67EE2}.Debug|Any CPU.ActiveCfg = Debug|Any CPU
		{9B911184-6AAF-461B-BDA0-A1183DC67EE2}.Debug|Any CPU.Build.0 = Debug|Any CPU
		{9B911184-6AAF-461B-BDA0-A1183DC67EE2}.Release|Any CPU.ActiveCfg = Release|Any CPU
		{9B911184-6AAF-461B-BDA0-A1183DC67EE2}.Release|Any CPU.Build.0 = Release|Any CPU
		{4F037D1D-482B-4728-9F20-E584B3A51107}.Debug|Any CPU.ActiveCfg = Debug|Any CPU
		{4F037D1D-482B-4728-9F20-E584B3A51107}.Debug|Any CPU.Build.0 = Debug|Any CPU
		{4F037D1D-482B-4728-9F20-E584B3A51107}.Release|Any CPU.ActiveCfg = Release|Any CPU
		{4F037D1D-482B-4728-9F20-E584B3A51107}.Release|Any CPU.Build.0 = Release|Any CPU
		{2734D8ED-2ED3-436B-B591-AE5496AC3366}.Debug|Any CPU.ActiveCfg = Debug|Any CPU
		{2734D8ED-2ED3-436B-B591-AE5496AC3366}.Debug|Any CPU.Build.0 = Debug|Any CPU
		{2734D8ED-2ED3-436B-B591-AE5496AC3366}.Release|Any CPU.ActiveCfg = Release|Any CPU
		{2734D8ED-2ED3-436B-B591-AE5496AC3366}.Release|Any CPU.Build.0 = Release|Any CPU
		{FAA7C47D-7CFE-400C-9F8F-7A80947D69CA}.Debug|Any CPU.ActiveCfg = Debug|Any CPU
		{FAA7C47D-7CFE-400C-9F8F-7A80947D69CA}.Debug|Any CPU.Build.0 = Debug|Any CPU
		{FAA7C47D-7CFE-400C-9F8F-7A80947D69CA}.Release|Any CPU.ActiveCfg = Release|Any CPU
		{FAA7C47D-7CFE-400C-9F8F-7A80947D69CA}.Release|Any CPU.Build.0 = Release|Any CPU
		{87C63657-8650-4CF1-9AFC-9167A5FDF2A5}.Debug|Any CPU.ActiveCfg = Debug|Any CPU
		{87C63657-8650-4CF1-9AFC-9167A5FDF2A5}.Debug|Any CPU.Build.0 = Debug|Any CPU
		{87C63657-8650-4CF1-9AFC-9167A5FDF2A5}.Release|Any CPU.ActiveCfg = Release|Any CPU
		{87C63657-8650-4CF1-9AFC-9167A5FDF2A5}.Release|Any CPU.Build.0 = Release|Any CPU
		{2C856C6C-463D-4962-840E-9CA69ED669DA}.Debug|Any CPU.ActiveCfg = Debug|Any CPU
		{2C856C6C-463D-4962-840E-9CA69ED669DA}.Debug|Any CPU.Build.0 = Debug|Any CPU
		{2C856C6C-463D-4962-840E-9CA69ED669DA}.Release|Any CPU.ActiveCfg = Release|Any CPU
		{2C856C6C-463D-4962-840E-9CA69ED669DA}.Release|Any CPU.Build.0 = Release|Any CPU
	EndGlobalSection
	GlobalSection(SolutionProperties) = preSolution
		HideSolutionNode = FALSE
	EndGlobalSection
	GlobalSection(ExtensibilityGlobals) = postSolution
		SolutionGuid = {FCBE0CB7-4A76-4802-B228-BFB62628E89B}
	EndGlobalSection
EndGlobal
