
Microsoft Visual Studio Solution File, Format Version 12.00
# Visual Studio Version 17
VisualStudioVersion = 17.6.33829.357
MinimumVisualStudioVersion = 10.0.40219.1
Project("{9A19103F-16F7-4668-BE54-9A1E7A4F7556}") = "01.TheFightForGondor", "01.TheFightForGondor\01.TheFightForGondor.csproj", "{29D1D3B1-05B8-4D98-A6E6-714A4248A5CF}"
EndProject
Project("{9A19103F-16F7-4668-BE54-9A1E7A4F7556}") = "03.TheRace", "03.TheRace\03.TheRace.csproj", "{345750AD-F083-45CC-BF37-C5DF1F49EA90}"
EndProject
Global
	GlobalSection(SolutionConfigurationPlatforms) = preSolution
		Debug|Any CPU = Debug|Any CPU
		Release|Any CPU = Release|Any CPU
	EndGlobalSection
	GlobalSection(ProjectConfigurationPlatforms) = postSolution
		{29D1D3B1-05B8-4D98-A6E6-714A4248A5CF}.Debug|Any CPU.ActiveCfg = Debug|Any CPU
		{29D1D3B1-05B8-4D98-A6E6-714A4248A5CF}.Debug|Any CPU.Build.0 = Debug|Any CPU
		{29D1D3B1-05B8-4D98-A6E6-714A4248A5CF}.Release|Any CPU.ActiveCfg = Release|Any CPU
		{29D1D3B1-05B8-4D98-A6E6-714A4248A5CF}.Release|Any CPU.Build.0 = Release|Any CPU
		{345750AD-F083-45CC-BF37-C5DF1F49EA90}.Debug|Any CPU.ActiveCfg = Debug|Any CPU
		{345750AD-F083-45CC-BF37-C5DF1F49EA90}.Debug|Any CPU.Build.0 = Debug|Any CPU
		{345750AD-F083-45CC-BF37-C5DF1F49EA90}.Release|Any CPU.ActiveCfg = Release|Any CPU
		{345750AD-F083-45CC-BF37-C5DF1F49EA90}.Release|Any CPU.Build.0 = Release|Any CPU
	EndGlobalSection
	GlobalSection(SolutionProperties) = preSolution
		HideSolutionNode = FALSE
	EndGlobalSection
	GlobalSection(ExtensibilityGlobals) = postSolution
		SolutionGuid = {326EB6EA-423E-4BC4-8D7F-98487FD209E7}
	EndGlobalSection
EndGlobal
