
Microsoft Visual Studio Solution File, Format Version 12.00
# Visual Studio Version 17
VisualStudioVersion = 17.4.33205.214
MinimumVisualStudioVersion = 10.0.40219.1
Project("{FAE04EC0-301F-11D3-BF4B-00C04F79EFBC}") = "P01.USDtoBGN", "P01.USDtoBGN\P01.USDtoBGN.csproj", "{BE7D46E7-C7FC-499B-95B7-70D4919FD549}"
EndProject
Project("{FAE04EC0-301F-11D3-BF4B-00C04F79EFBC}") = "P02.RadiansToDegrees", "P02.RadiansToDegrees\P02.RadiansToDegrees.csproj", "{1D1A3DF6-9247-448E-B873-5B78EEE8930A}"
EndProject
Project("{FAE04EC0-301F-11D3-BF4B-00C04F79EFBC}") = "P03.DepositCalculator", "P03.DepositCalculator\P03.DepositCalculator.csproj", "{E74CF935-7F9D-4590-9895-F1DAA66BC94C}"
EndProject
Project("{FAE04EC0-301F-11D3-BF4B-00C04F79EFBC}") = "P04.VacationBooksList", "P04.VacationBooksList\P04.VacationBooksList.csproj", "{3DAB44C9-C8F6-48F5-B9FB-2935193A7497}"
EndProject
Project("{FAE04EC0-301F-11D3-BF4B-00C04F79EFBC}") = "P05.SuppliesForSchool", "P05.SuppliesForSchool\P05.SuppliesForSchool.csproj", "{3AF1576C-2C30-4376-A2EE-A46CD36DEB11}"
EndProject
Project("{FAE04EC0-301F-11D3-BF4B-00C04F79EFBC}") = "P06.Repainting", "P06.Repainting\P06.Repainting.csproj", "{B268A1EF-DA96-4B2E-9458-0446E6CC2268}"
EndProject
Project("{FAE04EC0-301F-11D3-BF4B-00C04F79EFBC}") = "P08.BasketballEquipment", "P08.BasketballEquipment\P08.BasketballEquipment.csproj", "{DEB075D9-302F-47D9-88FA-6C57CADEF23E}"
EndProject
Project("{FAE04EC0-301F-11D3-BF4B-00C04F79EFBC}") = "P07.FoodDelivery", "P07.FoodDelivery\P07.FoodDelivery.csproj", "{C18912E6-F2F8-4E40-ACB5-A0BD892D1335}"
EndProject
Project("{FAE04EC0-301F-11D3-BF4B-00C04F79EFBC}") = "P09.FishTank", "P09.FishTank\P09.FishTank.csproj", "{0F3ABE84-35F8-43D9-941C-3F545C80AFD3}"
EndProject
Global
	GlobalSection(SolutionConfigurationPlatforms) = preSolution
		Debug|Any CPU = Debug|Any CPU
		Release|Any CPU = Release|Any CPU
	EndGlobalSection
	GlobalSection(ProjectConfigurationPlatforms) = postSolution
		{BE7D46E7-C7FC-499B-95B7-70D4919FD549}.Debug|Any CPU.ActiveCfg = Debug|Any CPU
		{BE7D46E7-C7FC-499B-95B7-70D4919FD549}.Debug|Any CPU.Build.0 = Debug|Any CPU
		{BE7D46E7-C7FC-499B-95B7-70D4919FD549}.Release|Any CPU.ActiveCfg = Release|Any CPU
		{BE7D46E7-C7FC-499B-95B7-70D4919FD549}.Release|Any CPU.Build.0 = Release|Any CPU
		{1D1A3DF6-9247-448E-B873-5B78EEE8930A}.Debug|Any CPU.ActiveCfg = Debug|Any CPU
		{1D1A3DF6-9247-448E-B873-5B78EEE8930A}.Debug|Any CPU.Build.0 = Debug|Any CPU
		{1D1A3DF6-9247-448E-B873-5B78EEE8930A}.Release|Any CPU.ActiveCfg = Release|Any CPU
		{1D1A3DF6-9247-448E-B873-5B78EEE8930A}.Release|Any CPU.Build.0 = Release|Any CPU
		{E74CF935-7F9D-4590-9895-F1DAA66BC94C}.Debug|Any CPU.ActiveCfg = Debug|Any CPU
		{E74CF935-7F9D-4590-9895-F1DAA66BC94C}.Debug|Any CPU.Build.0 = Debug|Any CPU
		{E74CF935-7F9D-4590-9895-F1DAA66BC94C}.Release|Any CPU.ActiveCfg = Release|Any CPU
		{E74CF935-7F9D-4590-9895-F1DAA66BC94C}.Release|Any CPU.Build.0 = Release|Any CPU
		{3DAB44C9-C8F6-48F5-B9FB-2935193A7497}.Debug|Any CPU.ActiveCfg = Debug|Any CPU
		{3DAB44C9-C8F6-48F5-B9FB-2935193A7497}.Debug|Any CPU.Build.0 = Debug|Any CPU
		{3DAB44C9-C8F6-48F5-B9FB-2935193A7497}.Release|Any CPU.ActiveCfg = Release|Any CPU
		{3DAB44C9-C8F6-48F5-B9FB-2935193A7497}.Release|Any CPU.Build.0 = Release|Any CPU
		{3AF1576C-2C30-4376-A2EE-A46CD36DEB11}.Debug|Any CPU.ActiveCfg = Debug|Any CPU
		{3AF1576C-2C30-4376-A2EE-A46CD36DEB11}.Debug|Any CPU.Build.0 = Debug|Any CPU
		{3AF1576C-2C30-4376-A2EE-A46CD36DEB11}.Release|Any CPU.ActiveCfg = Release|Any CPU
		{3AF1576C-2C30-4376-A2EE-A46CD36DEB11}.Release|Any CPU.Build.0 = Release|Any CPU
		{B268A1EF-DA96-4B2E-9458-0446E6CC2268}.Debug|Any CPU.ActiveCfg = Debug|Any CPU
		{B268A1EF-DA96-4B2E-9458-0446E6CC2268}.Debug|Any CPU.Build.0 = Debug|Any CPU
		{B268A1EF-DA96-4B2E-9458-0446E6CC2268}.Release|Any CPU.ActiveCfg = Release|Any CPU
		{B268A1EF-DA96-4B2E-9458-0446E6CC2268}.Release|Any CPU.Build.0 = Release|Any CPU
		{DEB075D9-302F-47D9-88FA-6C57CADEF23E}.Debug|Any CPU.ActiveCfg = Debug|Any CPU
		{DEB075D9-302F-47D9-88FA-6C57CADEF23E}.Debug|Any CPU.Build.0 = Debug|Any CPU
		{DEB075D9-302F-47D9-88FA-6C57CADEF23E}.Release|Any CPU.ActiveCfg = Release|Any CPU
		{DEB075D9-302F-47D9-88FA-6C57CADEF23E}.Release|Any CPU.Build.0 = Release|Any CPU
		{C18912E6-F2F8-4E40-ACB5-A0BD892D1335}.Debug|Any CPU.ActiveCfg = Debug|Any CPU
		{C18912E6-F2F8-4E40-ACB5-A0BD892D1335}.Debug|Any CPU.Build.0 = Debug|Any CPU
		{C18912E6-F2F8-4E40-ACB5-A0BD892D1335}.Release|Any CPU.ActiveCfg = Release|Any CPU
		{C18912E6-F2F8-4E40-ACB5-A0BD892D1335}.Release|Any CPU.Build.0 = Release|Any CPU
		{0F3ABE84-35F8-43D9-941C-3F545C80AFD3}.Debug|Any CPU.ActiveCfg = Debug|Any CPU
		{0F3ABE84-35F8-43D9-941C-3F545C80AFD3}.Debug|Any CPU.Build.0 = Debug|Any CPU
		{0F3ABE84-35F8-43D9-941C-3F545C80AFD3}.Release|Any CPU.ActiveCfg = Release|Any CPU
		{0F3ABE84-35F8-43D9-941C-3F545C80AFD3}.Release|Any CPU.Build.0 = Release|Any CPU
	EndGlobalSection
	GlobalSection(SolutionProperties) = preSolution
		HideSolutionNode = FALSE
	EndGlobalSection
	GlobalSection(ExtensibilityGlobals) = postSolution
		SolutionGuid = {AB5119D2-82C3-4093-B217-D7560CFF185C}
	EndGlobalSection
EndGlobal
