
Microsoft Visual Studio Solution File, Format Version 12.00
# Visual Studio Version 17
VisualStudioVersion = 17.6.33829.357
MinimumVisualStudioVersion = 10.0.40219.1
Project("{FAE04EC0-301F-11D3-BF4B-00C04F79EFBC}") = "01. Odd Lines", "01. Odd Lines\01. Odd Lines.csproj", "{E40AC1DE-DB7F-4014-9EC3-D29221608680}"
EndProject
Project("{FAE04EC0-301F-11D3-BF4B-00C04F79EFBC}") = "02. Line Numbers", "02. Line Numbers\02. Line Numbers.csproj", "{77CD0CE4-31BB-4513-BD84-1AE375CE522C}"
EndProject
Project("{FAE04EC0-301F-11D3-BF4B-00C04F79EFBC}") = "03. Word Count", "03. Word Count\03. Word Count.csproj", "{26F5C4E7-6248-44D3-90AC-ED61FFA83F0F}"
EndProject
Project("{FAE04EC0-301F-11D3-BF4B-00C04F79EFBC}") = "04. Merge Text Files", "04. Merge Text Files\04. Merge Text Files.csproj", "{8CBCF522-CD6E-470D-806B-C21824F71755}"
EndProject
Project("{FAE04EC0-301F-11D3-BF4B-00C04F79EFBC}") = "05. Extract Special Bytes", "05. Extract Special Bytes\05. Extract Special Bytes.csproj", "{7CAA8338-2382-47B2-BD2C-DF663D5E5EEC}"
EndProject
Project("{FAE04EC0-301F-11D3-BF4B-00C04F79EFBC}") = "07. Folder Size", "07. Folder Size\07. Folder Size.csproj", "{2057C679-6246-4979-95E7-E429CBA5BF50}"
EndProject
Global
	GlobalSection(SolutionConfigurationPlatforms) = preSolution
		Debug|Any CPU = Debug|Any CPU
		Release|Any CPU = Release|Any CPU
	EndGlobalSection
	GlobalSection(ProjectConfigurationPlatforms) = postSolution
		{E40AC1DE-DB7F-4014-9EC3-D29221608680}.Debug|Any CPU.ActiveCfg = Debug|Any CPU
		{E40AC1DE-DB7F-4014-9EC3-D29221608680}.Debug|Any CPU.Build.0 = Debug|Any CPU
		{E40AC1DE-DB7F-4014-9EC3-D29221608680}.Release|Any CPU.ActiveCfg = Release|Any CPU
		{E40AC1DE-DB7F-4014-9EC3-D29221608680}.Release|Any CPU.Build.0 = Release|Any CPU
		{77CD0CE4-31BB-4513-BD84-1AE375CE522C}.Debug|Any CPU.ActiveCfg = Debug|Any CPU
		{77CD0CE4-31BB-4513-BD84-1AE375CE522C}.Debug|Any CPU.Build.0 = Debug|Any CPU
		{77CD0CE4-31BB-4513-BD84-1AE375CE522C}.Release|Any CPU.ActiveCfg = Release|Any CPU
		{77CD0CE4-31BB-4513-BD84-1AE375CE522C}.Release|Any CPU.Build.0 = Release|Any CPU
		{26F5C4E7-6248-44D3-90AC-ED61FFA83F0F}.Debug|Any CPU.ActiveCfg = Debug|Any CPU
		{26F5C4E7-6248-44D3-90AC-ED61FFA83F0F}.Debug|Any CPU.Build.0 = Debug|Any CPU
		{26F5C4E7-6248-44D3-90AC-ED61FFA83F0F}.Release|Any CPU.ActiveCfg = Release|Any CPU
		{26F5C4E7-6248-44D3-90AC-ED61FFA83F0F}.Release|Any CPU.Build.0 = Release|Any CPU
		{8CBCF522-CD6E-470D-806B-C21824F71755}.Debug|Any CPU.ActiveCfg = Debug|Any CPU
		{8CBCF522-CD6E-470D-806B-C21824F71755}.Debug|Any CPU.Build.0 = Debug|Any CPU
		{8CBCF522-CD6E-470D-806B-C21824F71755}.Release|Any CPU.ActiveCfg = Release|Any CPU
		{8CBCF522-CD6E-470D-806B-C21824F71755}.Release|Any CPU.Build.0 = Release|Any CPU
		{7CAA8338-2382-47B2-BD2C-DF663D5E5EEC}.Debug|Any CPU.ActiveCfg = Debug|Any CPU
		{7CAA8338-2382-47B2-BD2C-DF663D5E5EEC}.Debug|Any CPU.Build.0 = Debug|Any CPU
		{7CAA8338-2382-47B2-BD2C-DF663D5E5EEC}.Release|Any CPU.ActiveCfg = Release|Any CPU
		{7CAA8338-2382-47B2-BD2C-DF663D5E5EEC}.Release|Any CPU.Build.0 = Release|Any CPU
		{2057C679-6246-4979-95E7-E429CBA5BF50}.Debug|Any CPU.ActiveCfg = Debug|Any CPU
		{2057C679-6246-4979-95E7-E429CBA5BF50}.Debug|Any CPU.Build.0 = Debug|Any CPU
		{2057C679-6246-4979-95E7-E429CBA5BF50}.Release|Any CPU.ActiveCfg = Release|Any CPU
		{2057C679-6246-4979-95E7-E429CBA5BF50}.Release|Any CPU.Build.0 = Release|Any CPU
	EndGlobalSection
	GlobalSection(SolutionProperties) = preSolution
		HideSolutionNode = FALSE
	EndGlobalSection
	GlobalSection(ExtensibilityGlobals) = postSolution
		SolutionGuid = {4D167AD1-33FA-4F74-9FF5-37334761EC40}
	EndGlobalSection
EndGlobal
