
Microsoft Visual Studio Solution File, Format Version 12.00
# Visual Studio Version 17
VisualStudioVersion = 17.6.33829.357
MinimumVisualStudioVersion = 10.0.40219.1
Project("{9A19103F-16F7-4668-BE54-9A1E7A4F7556}") = "01.StreamProgress", "01.StreamProgress\01.StreamProgress.csproj", "{5C403D69-D3D4-489D-BCDD-89013CDE3EFA}"
EndProject
Project("{9A19103F-16F7-4668-BE54-9A1E7A4F7556}") = "03.DetailPrinter", "03.DetailPrinter\03.DetailPrinter.csproj", "{DB762B7B-E59D-43C7-94DE-1B3A1E75D8E8}"
EndProject
Project("{9A19103F-16F7-4668-BE54-9A1E7A4F7556}") = "02.GraphicEditor", "02.GraphicEditor\02.GraphicEditor.csproj", "{B3182CE7-6393-4FAF-A9F9-C7CA276AC447}"
EndProject
Project("{9A19103F-16F7-4668-BE54-9A1E7A4F7556}") = "04.Recharge", "04.Recharge\04.Recharge.csproj", "{FF3EA4CC-CC82-4F39-BFB5-753030997C4E}"
EndProject
Global
	GlobalSection(SolutionConfigurationPlatforms) = preSolution
		Debug|Any CPU = Debug|Any CPU
		Release|Any CPU = Release|Any CPU
	EndGlobalSection
	GlobalSection(ProjectConfigurationPlatforms) = postSolution
		{5C403D69-D3D4-489D-BCDD-89013CDE3EFA}.Debug|Any CPU.ActiveCfg = Debug|Any CPU
		{5C403D69-D3D4-489D-BCDD-89013CDE3EFA}.Debug|Any CPU.Build.0 = Debug|Any CPU
		{5C403D69-D3D4-489D-BCDD-89013CDE3EFA}.Release|Any CPU.ActiveCfg = Release|Any CPU
		{5C403D69-D3D4-489D-BCDD-89013CDE3EFA}.Release|Any CPU.Build.0 = Release|Any CPU
		{DB762B7B-E59D-43C7-94DE-1B3A1E75D8E8}.Debug|Any CPU.ActiveCfg = Debug|Any CPU
		{DB762B7B-E59D-43C7-94DE-1B3A1E75D8E8}.Debug|Any CPU.Build.0 = Debug|Any CPU
		{DB762B7B-E59D-43C7-94DE-1B3A1E75D8E8}.Release|Any CPU.ActiveCfg = Release|Any CPU
		{DB762B7B-E59D-43C7-94DE-1B3A1E75D8E8}.Release|Any CPU.Build.0 = Release|Any CPU
		{B3182CE7-6393-4FAF-A9F9-C7CA276AC447}.Debug|Any CPU.ActiveCfg = Debug|Any CPU
		{B3182CE7-6393-4FAF-A9F9-C7CA276AC447}.Debug|Any CPU.Build.0 = Debug|Any CPU
		{B3182CE7-6393-4FAF-A9F9-C7CA276AC447}.Release|Any CPU.ActiveCfg = Release|Any CPU
		{B3182CE7-6393-4FAF-A9F9-C7CA276AC447}.Release|Any CPU.Build.0 = Release|Any CPU
		{FF3EA4CC-CC82-4F39-BFB5-753030997C4E}.Debug|Any CPU.ActiveCfg = Debug|Any CPU
		{FF3EA4CC-CC82-4F39-BFB5-753030997C4E}.Debug|Any CPU.Build.0 = Debug|Any CPU
		{FF3EA4CC-CC82-4F39-BFB5-753030997C4E}.Release|Any CPU.ActiveCfg = Release|Any CPU
		{FF3EA4CC-CC82-4F39-BFB5-753030997C4E}.Release|Any CPU.Build.0 = Release|Any CPU
	EndGlobalSection
	GlobalSection(SolutionProperties) = preSolution
		HideSolutionNode = FALSE
	EndGlobalSection
	GlobalSection(ExtensibilityGlobals) = postSolution
		SolutionGuid = {11EF6402-42DF-4F37-9F4D-E124D53CA3ED}
	EndGlobalSection
EndGlobal
