
Microsoft Visual Studio Solution File, Format Version 12.00
# Visual Studio Version 17
VisualStudioVersion = 17.6.33723.286
MinimumVisualStudioVersion = 10.0.40219.1
Project("{FAE04EC0-301F-11D3-BF4B-00C04F79EFBC}") = "01. World Tour", "01. World Tour\01. World Tour.csproj", "{5C4A70F2-64C9-4979-BED0-8AA08F1FE545}"
EndProject
Project("{FAE04EC0-301F-11D3-BF4B-00C04F79EFBC}") = "02. Destination Mapper", "02. Destination Mapper\02. Destination Mapper.csproj", "{60F19552-C655-4105-98EB-D9CE318390D1}"
EndProject
Project("{FAE04EC0-301F-11D3-BF4B-00C04F79EFBC}") = "03. Plant Discovery", "03. Plant Discovery\03. Plant Discovery.csproj", "{C54EDE6C-81E3-45A5-BAEE-560D568A50E7}"
EndProject
Global
	GlobalSection(SolutionConfigurationPlatforms) = preSolution
		Debug|Any CPU = Debug|Any CPU
		Release|Any CPU = Release|Any CPU
	EndGlobalSection
	GlobalSection(ProjectConfigurationPlatforms) = postSolution
		{5C4A70F2-64C9-4979-BED0-8AA08F1FE545}.Debug|Any CPU.ActiveCfg = Debug|Any CPU
		{5C4A70F2-64C9-4979-BED0-8AA08F1FE545}.Debug|Any CPU.Build.0 = Debug|Any CPU
		{5C4A70F2-64C9-4979-BED0-8AA08F1FE545}.Release|Any CPU.ActiveCfg = Release|Any CPU
		{5C4A70F2-64C9-4979-BED0-8AA08F1FE545}.Release|Any CPU.Build.0 = Release|Any CPU
		{60F19552-C655-4105-98EB-D9CE318390D1}.Debug|Any CPU.ActiveCfg = Debug|Any CPU
		{60F19552-C655-4105-98EB-D9CE318390D1}.Debug|Any CPU.Build.0 = Debug|Any CPU
		{60F19552-C655-4105-98EB-D9CE318390D1}.Release|Any CPU.ActiveCfg = Release|Any CPU
		{60F19552-C655-4105-98EB-D9CE318390D1}.Release|Any CPU.Build.0 = Release|Any CPU
		{C54EDE6C-81E3-45A5-BAEE-560D568A50E7}.Debug|Any CPU.ActiveCfg = Debug|Any CPU
		{C54EDE6C-81E3-45A5-BAEE-560D568A50E7}.Debug|Any CPU.Build.0 = Debug|Any CPU
		{C54EDE6C-81E3-45A5-BAEE-560D568A50E7}.Release|Any CPU.ActiveCfg = Release|Any CPU
		{C54EDE6C-81E3-45A5-BAEE-560D568A50E7}.Release|Any CPU.Build.0 = Release|Any CPU
	EndGlobalSection
	GlobalSection(SolutionProperties) = preSolution
		HideSolutionNode = FALSE
	EndGlobalSection
	GlobalSection(ExtensibilityGlobals) = postSolution
		SolutionGuid = {A4DCB8F2-666B-4CDE-A81F-80578E17F00B}
	EndGlobalSection
EndGlobal
